<?xml version="1.0" encoding="utf-8"?>
<Project ToolsVersion="4.0" xmlns="http://schemas.microsoft.com/developer/msbuild/2003">
  <ItemGroup>
    <Filter Include="소스 파일">
      <UniqueIdentifier>{4FC737F1-C7A5-4376-A066-2A32D752A2FF}</UniqueIdentifier>
      <Extensions>cpp;c;cc;cxx;def;odl;idl;hpj;bat;asm;asmx</Extensions>
    </Filter>
    <Filter Include="헤더 파일">
      <UniqueIdentifier>{93995380-89BD-4b04-88EB-625FBE52EBFB}</UniqueIdentifier>
      <Extensions>h;hh;hpp;hxx;hm;inl;inc;ipp;xsd</Extensions>
    </Filter>
    <Filter Include="리소스 파일">
      <UniqueIdentifier>{67DA6AB6-F800-4c08-8B7A-83BB121AAD01}</UniqueIdentifier>
      <Extensions>rc;ico;cur;bmp;dlg;rc2;rct;bin;rgs;gif;jpg;jpeg;jpe;resx;tiff;tif;png;wav;mfcribbon-ms</Extensions>
    </Filter>
  </ItemGroup>
  <ItemGroup>
    <ClCompile Include="Login.cpp">
      <Filter>소스 파일</Filter>
    </ClCompile>
    <ClCompile Include="Join.cpp">
      <Filter>소스 파일</Filter>
    </ClCompile>
    <ClCompile Include="ManagementForm.cpp">
      <Filter>소스 파일</Filter>
    </ClCompile>
    <ClCompile Include="Member.cpp">
      <Filter>소스 파일</Filter>
    </ClCompile>
    <ClCompile Include="VideoForm.cpp">
      <Filter>소스 파일</Filter>
    </ClCompile>
    <ClCompile Include="MoneyForm.cpp">
      <Filter>소스 파일</Filter>
    </ClCompile>
    <ClCompile Include="MovieForm.cpp">
      <Filter>소스 파일</Filter>
    </ClCompile>
    <ClCompile Include="VideoUpdate.cpp">
      <Filter>소스 파일</Filter>
    </ClCompile>
    <ClCompile Include="RentalForm.cpp">
      <Filter>소스 파일</Filter>
    </ClCompile>
    <ClCompile Include="MemberUpdate.cpp">
      <Filter>소스 파일</Filter>
    </ClCompile>
    <ClCompile Include="MovieUpdate.cpp">
      <Filter>소스 파일</Filter>
    </ClCompile>
    <ClCompile Include="RentalManagement.cpp">
      <Filter>소스 파일</Filter>
    </ClCompile>
    <ClCompile Include="RentalStatus.cpp">
      <Filter>소스 파일</Filter>
    </ClCompile>
    <ClCompile Include="RentIdentify.cpp">
      <Filter>소스 파일</Filter>
    </ClCompile>
    <ClCompile Include="NormalRentalForm.cpp">
      <Filter>소스 파일</Filter>
    </ClCompile>
  </ItemGroup>
  <ItemGroup>
    <ClInclude Include="Join.h">
      <Filter>헤더 파일</Filter>
    </ClInclude>
    <ClInclude Include="ManagementForm.h">
      <Filter>헤더 파일</Filter>
    </ClInclude>
    <ClInclude Include="Member.h">
      <Filter>헤더 파일</Filter>
    </ClInclude>
    <ClInclude Include="VideoForm.h">
      <Filter>헤더 파일</Filter>
    </ClInclude>
    <ClInclude Include="MoneyForm.h">
      <Filter>헤더 파일</Filter>
    </ClInclude>
    <ClInclude Include="MemberUpdate.h">
      <Filter>헤더 파일</Filter>
    </ClInclude>
    <ClInclude Include="MovieForm.h">
      <Filter>헤더 파일</Filter>
    </ClInclude>
    <ClInclude Include="VideoUpdate.h">
      <Filter>헤더 파일</Filter>
    </ClInclude>
    <ClInclude Include="RentalForm.h">
      <Filter>헤더 파일</Filter>
    </ClInclude>
    <ClInclude Include="MovieUpdate.h">
      <Filter>헤더 파일</Filter>
    </ClInclude>
    <ClInclude Include="RentalManagement.h">
      <Filter>헤더 파일</Filter>
    </ClInclude>
    <ClInclude Include="RentalStatus.h">
      <Filter>헤더 파일</Filter>
    </ClInclude>
    <ClInclude Include="RentIdentify.h">
      <Filter>헤더 파일</Filter>
    </ClInclude>
    <ClInclude Include="Login.h">
      <Filter>헤더 파일</Filter>
    </ClInclude>
    <ClInclude Include="NormalRentalForm.h">
      <Filter>헤더 파일</Filter>
    </ClInclude>
  </ItemGroup>
  <ItemGroup>
    <EmbeddedResource Include="Join.resx">
      <Filter>리소스 파일</Filter>
    </EmbeddedResource>
    <EmbeddedResource Include="ManagementForm.resx">
      <Filter>리소스 파일</Filter>
    </EmbeddedResource>
    <EmbeddedResource Include="Member.resx">
      <Filter>리소스 파일</Filter>
    </EmbeddedResource>
    <EmbeddedResource Include="MemberUpdate.resx">
      <Filter>리소스 파일</Filter>
    </EmbeddedResource>
    <EmbeddedResource Include="MovieForm.resx">
      <Filter>리소스 파일</Filter>
    </EmbeddedResource>
    <EmbeddedResource Include="VideoForm.resx">
      <Filter>리소스 파일</Filter>
    </EmbeddedResource>
    <EmbeddedResource Include="MoneyForm.resx">
      <Filter>리소스 파일</Filter>
    </EmbeddedResource>
    <EmbeddedResource Include="RentalForm.resx">
      <Filter>리소스 파일</Filter>
    </EmbeddedResource>
    <EmbeddedResource Include="VideoUpdate.resx">
      <Filter>리소스 파일</Filter>
    </EmbeddedResource>
    <EmbeddedResource Include="MovieUpdate.resx">
      <Filter>리소스 파일</Filter>
    </EmbeddedResource>
    <EmbeddedResource Include="RentalManagement.resx">
      <Filter>리소스 파일</Filter>
    </EmbeddedResource>
    <EmbeddedResource Include="RentalStatus.resx">
      <Filter>리소스 파일</Filter>
    </EmbeddedResource>
    <EmbeddedResource Include="RentIdentify.resx">
      <Filter>리소스 파일</Filter>
    </EmbeddedResource>
    <EmbeddedResource Include="Login.resx">
      <Filter>리소스 파일</Filter>
    </EmbeddedResource>
  </ItemGroup>
</Project>